
Microsoft Visual Studio Solution File, Format Version 12.00
# Visual Studio Version 17
VisualStudioVersion = 17.7.34003.232
MinimumVisualStudioVersion = 10.0.40219.1
Project("{FAE04EC0-301F-11D3-BF4B-00C04F79EFBC}") = "Backend", "Backend.csproj", "{05B37F7C-FFFF-4F4D-BF17-06B40228DB05}"
EndProject
Global
	GlobalSection(SolutionConfigurationPlatforms) = preSolution
		Debug|Any CPU = Debug|Any CPU
		Release|Any CPU = Release|Any CPU
	EndGlobalSection
	GlobalSection(ProjectConfigurationPlatforms) = postSolution
		{05B37F7C-FFFF-4F4D-BF17-06B40228DB05}.Debug|Any CPU.ActiveCfg = Debug|Any CPU
		{05B37F7C-FFFF-4F4D-BF17-06B40228DB05}.Debug|Any CPU.Build.0 = Debug|Any CPU
		{05B37F7C-FFFF-4F4D-BF17-06B40228DB05}.Release|Any CPU.ActiveCfg = Release|Any CPU
		{05B37F7C-FFFF-4F4D-BF17-06B40228DB05}.Release|Any CPU.Build.0 = Release|Any CPU
	EndGlobalSection
	GlobalSection(SolutionProperties) = preSolution
		HideSolutionNode = FALSE
	EndGlobalSection
	GlobalSection(ExtensibilityGlobals) = postSolution
		SolutionGuid = {55D60586-1BCB-4E1E-BA3A-B258E62D4237}
	EndGlobalSection
EndGlobal
